
Microsoft Visual Studio Solution File, Format Version 12.00
# Visual Studio Version 16
VisualStudioVersion = 16.0.29519.181
MinimumVisualStudioVersion = 10.0.40219.1
Project("{FAE04EC0-301F-11D3-BF4B-00C04F79EFBC}") = "WebApplication1", "WebApplication1.csproj", "{2F24D701-F934-4868-BE22-EDD4C3E9970A}"
EndProject
Global
	GlobalSection(SolutionConfigurationPlatforms) = preSolution
		Debug|Any CPU = Debug|Any CPU
		Release|Any CPU = Release|Any CPU
	EndGlobalSection
	GlobalSection(ProjectConfigurationPlatforms) = postSolution
		{2F24D701-F934-4868-BE22-EDD4C3E9970A}.Debug|Any CPU.ActiveCfg = Debug|Any CPU
		{2F24D701-F934-4868-BE22-EDD4C3E9970A}.Debug|Any CPU.Build.0 = Debug|Any CPU
		{2F24D701-F934-4868-BE22-EDD4C3E9970A}.Release|Any CPU.ActiveCfg = Release|Any CPU
		{2F24D701-F934-4868-BE22-EDD4C3E9970A}.Release|Any CPU.Build.0 = Release|Any CPU
	EndGlobalSection
	GlobalSection(SolutionProperties) = preSolution
		HideSolutionNode = FALSE
	EndGlobalSection
	GlobalSection(ExtensibilityGlobals) = postSolution
		SolutionGuid = {BEFE5BD0-BC45-45FF-88F3-BB3751EB29BF}
	EndGlobalSection
EndGlobal
